
Microsoft Visual Studio Solution File, Format Version 12.00
# Visual Studio Version 17
VisualStudioVersion = 17.3.32922.545
MinimumVisualStudioVersion = 10.0.40219.1
Project("{FAE04EC0-301F-11D3-BF4B-00C04F79EFBC}") = "miltonproject", "miltonproject.csproj", "{3FDB7A59-048C-494E-A7B9-25A94ED059B9}"
EndProject
Global
	GlobalSection(SolutionConfigurationPlatforms) = preSolution
		Debug|Any CPU = Debug|Any CPU
		Release|Any CPU = Release|Any CPU
	EndGlobalSection
	GlobalSection(ProjectConfigurationPlatforms) = postSolution
		{3FDB7A59-048C-494E-A7B9-25A94ED059B9}.Debug|Any CPU.ActiveCfg = Debug|Any CPU
		{3FDB7A59-048C-494E-A7B9-25A94ED059B9}.Debug|Any CPU.Build.0 = Debug|Any CPU
		{3FDB7A59-048C-494E-A7B9-25A94ED059B9}.Release|Any CPU.ActiveCfg = Release|Any CPU
		{3FDB7A59-048C-494E-A7B9-25A94ED059B9}.Release|Any CPU.Build.0 = Release|Any CPU
	EndGlobalSection
	GlobalSection(SolutionProperties) = preSolution
		HideSolutionNode = FALSE
	EndGlobalSection
	GlobalSection(ExtensibilityGlobals) = postSolution
		SolutionGuid = {FD9BF791-89F5-4C42-8766-55AE49EC7F37}
	EndGlobalSection
EndGlobal
